
Microsoft Visual Studio Solution File, Format Version 12.00
# Visual Studio Version 16
VisualStudioVersion = 16.0.31624.102
MinimumVisualStudioVersion = 10.0.40219.1
Project("{9A19103F-16F7-4668-BE54-9A1E7A4F7556}") = "SendComment", "SendComment\SendComment.csproj", "{190808D3-7640-416D-9A10-365401FD4D04}"
EndProject
Project("{9A19103F-16F7-4668-BE54-9A1E7A4F7556}") = "TwicasAPI", "..\..\TwicasAPI\TwicasAPI\TwicasAPI.csproj", "{1D54BBEC-DE00-45B5-931F-5A9B72A1C0CC}"
EndProject
Global
	GlobalSection(SolutionConfigurationPlatforms) = preSolution
		Debug|Any CPU = Debug|Any CPU
		Release|Any CPU = Release|Any CPU
	EndGlobalSection
	GlobalSection(ProjectConfigurationPlatforms) = postSolution
		{190808D3-7640-416D-9A10-365401FD4D04}.Debug|Any CPU.ActiveCfg = Debug|Any CPU
		{190808D3-7640-416D-9A10-365401FD4D04}.Debug|Any CPU.Build.0 = Debug|Any CPU
		{190808D3-7640-416D-9A10-365401FD4D04}.Release|Any CPU.ActiveCfg = Release|Any CPU
		{190808D3-7640-416D-9A10-365401FD4D04}.Release|Any CPU.Build.0 = Release|Any CPU
		{1D54BBEC-DE00-45B5-931F-5A9B72A1C0CC}.Debug|Any CPU.ActiveCfg = Debug|Any CPU
		{1D54BBEC-DE00-45B5-931F-5A9B72A1C0CC}.Debug|Any CPU.Build.0 = Debug|Any CPU
		{1D54BBEC-DE00-45B5-931F-5A9B72A1C0CC}.Release|Any CPU.ActiveCfg = Release|Any CPU
		{1D54BBEC-DE00-45B5-931F-5A9B72A1C0CC}.Release|Any CPU.Build.0 = Release|Any CPU
	EndGlobalSection
	GlobalSection(SolutionProperties) = preSolution
		HideSolutionNode = FALSE
	EndGlobalSection
	GlobalSection(ExtensibilityGlobals) = postSolution
		SolutionGuid = {1C1A4462-EB02-4F74-9EDD-51392EE1343B}
	EndGlobalSection
EndGlobal
